{
  "name": "vite-project",
  "version": "0.0.0",
  "lockfileVersion": 2,
  "requires": true,
  "packages": {
    "": {
      "version": "0.0.0",
      "dependencies": {
        "vue": "^3.2.13"
      },
      "devDependencies": {
        "@vitejs/plugin-vue": "^1.9.0",
        "@vue/compiler-sfc": "^3.2.16",
        "axios": "^0.21.4",
        "element-plus": "*",
        "sass": "^1.42.1",
        "vite": "^2.5.10",
        "vuex": "^3.6.2"
      }
    },
    "node_modules/@babel/parser": {
      "version": "7.15.7",
      "license": "MIT",
      "bin": {
        "parser": "bin/babel-parser.js"
      },
      "engines": {
        "node": ">=6.0.0"
      }
    },
    "node_modules/@popperjs/core": {
      "version": "2.10.1",
      "resolved": "https://registry.nlark.com/@popperjs/core/download/@popperjs/core-2.10.1.tgz?cache=0&sync_timestamp=1630646793367&other_urls=https%3A%2F%2Fregistry.nlark.com%2F%40popperjs%2Fcore%2Fdownload%2F%40popperjs%2Fcore-2.10.1.tgz",
      "integrity": "sha1-co7NlasgequKmk5CHwQi2zKSMr4=",
      "dev": true
    },
    "node_modules/@vitejs/plugin-vue": {
      "version": "1.9.1",
      "dev": true,
      "license": "MIT",
      "engines": {
        "node": ">=12.0.0"
      },
      "peerDependencies": {
        "vite": "^2.5.10"
      }
    },
    "node_modules/@vue/compiler-core": {
      "version": "3.2.16",
      "license": "MIT",
      "dependencies": {
        "@babel/parser": "^7.15.0",
        "@vue/shared": "3.2.16",
        "estree-walker": "^2.0.2",
        "source-map": "^0.6.1"
      }
    },
    "node_modules/@vue/compiler-dom": {
      "version": "3.2.16",
      "license": "MIT",
      "dependencies": {
        "@vue/compiler-core": "3.2.16",
        "@vue/shared": "3.2.16"
      }
    },
    "node_modules/@vue/compiler-sfc": {
      "version": "3.2.16",
      "license": "MIT",
      "dependencies": {
        "@babel/parser": "^7.15.0",
        "@vue/compiler-core": "3.2.16",
        "@vue/compiler-dom": "3.2.16",
        "@vue/compiler-ssr": "3.2.16",
        "@vue/ref-transform": "3.2.16",
        "@vue/shared": "3.2.16",
        "estree-walker": "^2.0.2",
        "magic-string": "^0.25.7",
        "postcss": "^8.1.10",
        "source-map": "^0.6.1"
      }
    },
    "node_modules/@vue/compiler-ssr": {
      "version": "3.2.16",
      "license": "MIT",
      "dependencies": {
        "@vue/compiler-dom": "3.2.16",
        "@vue/shared": "3.2.16"
      }
    },
    "node_modules/@vue/reactivity": {
      "version": "3.2.16",
      "license": "MIT",
      "dependencies": {
        "@vue/shared": "3.2.16"
      }
    },
    "node_modules/@vue/ref-transform": {
      "version": "3.2.16",
      "license": "MIT",
      "dependencies": {
        "@babel/parser": "^7.15.0",
        "@vue/compiler-core": "3.2.16",
        "@vue/shared": "3.2.16",
        "estree-walker": "^2.0.2",
        "magic-string": "^0.25.7"
      }
    },
    "node_modules/@vue/runtime-core": {
      "version": "3.2.16",
      "license": "MIT",
      "dependencies": {
        "@vue/reactivity": "3.2.16",
        "@vue/shared": "3.2.16"
      }
    },
    "node_modules/@vue/runtime-dom": {
      "version": "3.2.16",
      "license": "MIT",
      "dependencies": {
        "@vue/runtime-core": "3.2.16",
        "@vue/shared": "3.2.16",
        "csstype": "^2.6.8"
      }
    },
    "node_modules/@vue/server-renderer": {
      "version": "3.2.16",
      "license": "MIT",
      "dependencies": {
        "@vue/compiler-ssr": "3.2.16",
        "@vue/shared": "3.2.16"
      },
      "peerDependencies": {
        "vue": "3.2.16"
      }
    },
    "node_modules/@vue/shared": {
      "version": "3.2.16",
      "license": "MIT"
    },
    "node_modules/@vueuse/core": {
      "version": "6.1.0",
      "resolved": "https://registry.nlark.com/@vueuse/core/download/@vueuse/core-6.1.0.tgz",
      "integrity": "sha1-gTfCkc9JsRwt7aTVB5CW5Vs2/Cg=",
      "dev": true,
      "dependencies": {
        "@vueuse/shared": "6.1.0",
        "vue-demi": "*"
      },
      "peerDependencies": {
        "@vue/composition-api": "^1.1.0",
        "vue": "^2.6.0 || ^3.2.0"
      }
    },
    "node_modules/@vueuse/shared": {
      "version": "6.1.0",
      "resolved": "https://registry.nlark.com/@vueuse/shared/download/@vueuse/shared-6.1.0.tgz",
      "integrity": "sha1-E3X9Qazv5S+aGELzxqijSHhlNbo=",
      "dev": true,
      "dependencies": {
        "vue-demi": "*"
      },
      "peerDependencies": {
        "@vue/composition-api": "^1.1.0",
        "vue": "^2.6.0 || ^3.2.0"
      }
    },
    "node_modules/anymatch": {
      "version": "3.1.2",
      "resolved": "https://registry.npm.taobao.org/anymatch/download/anymatch-3.1.2.tgz?cache=0&sync_timestamp=1617747502795&other_urls=https%3A%2F%2Fregistry.npm.taobao.org%2Fanymatch%2Fdownload%2Fanymatch-3.1.2.tgz",
      "integrity": "sha1-wFV8CWrzLxBhmPT04qODU343hxY=",
      "dev": true,
      "dependencies": {
        "normalize-path": "^3.0.0",
        "picomatch": "^2.0.4"
      },
      "engines": {
        "node": ">= 8"
      }
    },
    "node_modules/async-validator": {
      "version": "3.5.2",
      "resolved": "https://registry.nlark.com/async-validator/download/async-validator-3.5.2.tgz?cache=0&sync_timestamp=1630393210134&other_urls=https%3A%2F%2Fregistry.nlark.com%2Fasync-validator%2Fdownload%2Fasync-validator-3.5.2.tgz",
      "integrity": "sha1-aOhmqWgk6LJpT/eoMcGiXETV5QA=",
      "dev": true
    },
    "node_modules/axios": {
      "version": "0.21.4",
      "resolved": "https://registry.nlark.com/axios/download/axios-0.21.4.tgz?cache=0&sync_timestamp=1630942656836&other_urls=https%3A%2F%2Fregistry.nlark.com%2Faxios%2Fdownload%2Faxios-0.21.4.tgz",
      "integrity": "sha1-xnuQ3AVo5cHPKwuFjEO6KOLtpXU=",
      "dev": true,
      "dependencies": {
        "follow-redirects": "^1.14.0"
      }
    },
    "node_modules/binary-extensions": {
      "version": "2.2.0",
      "resolved": "https://registry.npm.taobao.org/binary-extensions/download/binary-extensions-2.2.0.tgz?cache=0&sync_timestamp=1610299322955&other_urls=https%3A%2F%2Fregistry.npm.taobao.org%2Fbinary-extensions%2Fdownload%2Fbinary-extensions-2.2.0.tgz",
      "integrity": "sha1-dfUC7q+f/eQvyYgpZFvk6na9ni0=",
      "dev": true,
      "engines": {
        "node": ">=8"
      }
    },
    "node_modules/braces": {
      "version": "3.0.2",
      "resolved": "https://registry.npm.taobao.org/braces/download/braces-3.0.2.tgz",
      "integrity": "sha1-NFThpGLujVmeI23zNs2epPiv4Qc=",
      "dev": true,
      "dependencies": {
        "fill-range": "^7.0.1"
      },
      "engines": {
        "node": ">=8"
      }
    },
    "node_modules/chokidar": {
      "version": "3.5.2",
      "resolved": "https://registry.nlark.com/chokidar/download/chokidar-3.5.2.tgz",
      "integrity": "sha1-26OXb8rbAW9m/TZQIdkWANAcHnU=",
      "dev": true,
      "dependencies": {
        "anymatch": "~3.1.2",
        "braces": "~3.0.2",
        "glob-parent": "~5.1.2",
        "is-binary-path": "~2.1.0",
        "is-glob": "~4.0.1",
        "normalize-path": "~3.0.0",
        "readdirp": "~3.6.0"
      },
      "engines": {
        "node": ">= 8.10.0"
      },
      "optionalDependencies": {
        "fsevents": "~2.3.2"
      }
    },
    "node_modules/chokidar/node_modules/fsevents": {
      "version": "2.3.2",
      "resolved": "https://registry.npm.taobao.org/fsevents/download/fsevents-2.3.2.tgz?cache=0&sync_timestamp=1612536422255&other_urls=https%3A%2F%2Fregistry.npm.taobao.org%2Ffsevents%2Fdownload%2Ffsevents-2.3.2.tgz",
      "integrity": "sha1-ilJveLj99GI7cJ4Ll1xSwkwC/Ro=",
      "dev": true,
      "optional": true,
      "engines": {
        "node": "^8.16.0 || ^10.6.0 || >=11.0.0"
      }
    },
    "node_modules/csstype": {
      "version": "2.6.18",
      "license": "MIT"
    },
    "node_modules/dayjs": {
      "version": "1.10.7",
      "resolved": "https://registry.nlark.com/dayjs/download/dayjs-1.10.7.tgz?cache=0&sync_timestamp=1631266519235&other_urls=https%3A%2F%2Fregistry.nlark.com%2Fdayjs%2Fdownload%2Fdayjs-1.10.7.tgz",
      "integrity": "sha1-LPX5Gt0oEWdIRAhmoKHSbzps5Gg=",
      "dev": true
    },
    "node_modules/element-plus": {
      "version": "1.1.0-beta.15",
      "resolved": "https://registry.npmmirror.com/element-plus/download/element-plus-1.1.0-beta.15.tgz?cache=0&sync_timestamp=1632359362179&other_urls=https%3A%2F%2Fregistry.npmmirror.com%2Felement-plus%2Fdownload%2Felement-plus-1.1.0-beta.15.tgz",
      "integrity": "sha1-hCVorDnkdl7CEY3C+9Ry2U03t/M=",
      "dev": true,
      "dependencies": {
        "@popperjs/core": "^2.10.1",
        "@vueuse/core": "~6.1.0",
        "async-validator": "^3.4.0",
        "dayjs": "1.x",
        "lodash": "^4.17.21",
        "memoize-one": "^5.2.1",
        "normalize-wheel": "^1.0.1",
        "resize-observer-polyfill": "^1.5.1"
      },
      "peerDependencies": {
        "vue": "^3.2.0"
      }
    },
    "node_modules/esbuild": {
      "version": "0.12.29",
      "dev": true,
      "hasInstallScript": true,
      "license": "MIT",
      "bin": {
        "esbuild": "bin/esbuild"
      }
    },
    "node_modules/estree-walker": {
      "version": "2.0.2",
      "license": "MIT"
    },
    "node_modules/fill-range": {
      "version": "7.0.1",
      "resolved": "https://registry.npm.taobao.org/fill-range/download/fill-range-7.0.1.tgz",
      "integrity": "sha1-GRmmp8df44ssfHflGYU12prN2kA=",
      "dev": true,
      "dependencies": {
        "to-regex-range": "^5.0.1"
      },
      "engines": {
        "node": ">=8"
      }
    },
    "node_modules/follow-redirects": {
      "version": "1.14.4",
      "resolved": "https://registry.nlark.com/follow-redirects/download/follow-redirects-1.14.4.tgz?cache=0&sync_timestamp=1631622206750&other_urls=https%3A%2F%2Fregistry.nlark.com%2Ffollow-redirects%2Fdownload%2Ffollow-redirects-1.14.4.tgz",
      "integrity": "sha1-g4/fSKi73XnlLuUfsclOPtmLk3k=",
      "dev": true,
      "engines": {
        "node": ">=4.0"
      }
    },
    "node_modules/fsevents": {
      "dev": true,
      "optional": true
    },
    "node_modules/function-bind": {
      "version": "1.1.1",
      "dev": true,
      "license": "MIT"
    },
    "node_modules/glob-parent": {
      "version": "5.1.2",
      "resolved": "https://registry.nlark.com/glob-parent/download/glob-parent-5.1.2.tgz",
      "integrity": "sha1-hpgyxYA0/mikCTwX3BXoNA2EAcQ=",
      "dev": true,
      "dependencies": {
        "is-glob": "^4.0.1"
      },
      "engines": {
        "node": ">= 6"
      }
    },
    "node_modules/has": {
      "version": "1.0.3",
      "dev": true,
      "license": "MIT",
      "dependencies": {
        "function-bind": "^1.1.1"
      },
      "engines": {
        "node": ">= 0.4.0"
      }
    },
    "node_modules/is-binary-path": {
      "version": "2.1.0",
      "resolved": "https://registry.npm.taobao.org/is-binary-path/download/is-binary-path-2.1.0.tgz",
      "integrity": "sha1-6h9/O4DwZCNug0cPhsCcJU+0Wwk=",
      "dev": true,
      "dependencies": {
        "binary-extensions": "^2.0.0"
      },
      "engines": {
        "node": ">=8"
      }
    },
    "node_modules/is-core-module": {
      "version": "2.6.0",
      "dev": true,
      "license": "MIT",
      "dependencies": {
        "has": "^1.0.3"
      },
      "funding": {
        "url": "https://github.com/sponsors/ljharb"
      }
    },
    "node_modules/is-extglob": {
      "version": "2.1.1",
      "resolved": "https://registry.npm.taobao.org/is-extglob/download/is-extglob-2.1.1.tgz",
      "integrity": "sha1-qIwCU1eR8C7TfHahueqXc8gz+MI=",
      "dev": true,
      "engines": {
        "node": ">=0.10.0"
      }
    },
    "node_modules/is-glob": {
      "version": "4.0.1",
      "resolved": "https://registry.npm.taobao.org/is-glob/download/is-glob-4.0.1.tgz",
      "integrity": "sha1-dWfb6fL14kZ7x3q4PEopSCQHpdw=",
      "dev": true,
      "dependencies": {
        "is-extglob": "^2.1.1"
      },
      "engines": {
        "node": ">=0.10.0"
      }
    },
    "node_modules/is-number": {
      "version": "7.0.0",
      "resolved": "https://registry.npm.taobao.org/is-number/download/is-number-7.0.0.tgz",
      "integrity": "sha1-dTU0W4lnNNX4DE0GxQlVUnoU8Ss=",
      "dev": true,
      "engines": {
        "node": ">=0.12.0"
      }
    },
    "node_modules/lodash": {
      "version": "4.17.21",
      "resolved": "https://registry.npm.taobao.org/lodash/download/lodash-4.17.21.tgz",
      "integrity": "sha1-Z5WRxWTDv/quhFTPCz3zcMPWkRw=",
      "dev": true
    },
    "node_modules/magic-string": {
      "version": "0.25.7",
      "license": "MIT",
      "dependencies": {
        "sourcemap-codec": "^1.4.4"
      }
    },
    "node_modules/memoize-one": {
      "version": "5.2.1",
      "resolved": "https://registry.nlark.com/memoize-one/download/memoize-one-5.2.1.tgz?cache=0&sync_timestamp=1619230242747&other_urls=https%3A%2F%2Fregistry.nlark.com%2Fmemoize-one%2Fdownload%2Fmemoize-one-5.2.1.tgz",
      "integrity": "sha1-gzeqPEM1WBg57AHD1ZQJDOvo8A4=",
      "dev": true
    },
    "node_modules/nanocolors": {
      "version": "0.1.12",
      "license": "MIT"
    },
    "node_modules/nanoid": {
      "version": "3.1.25",
      "license": "MIT",
      "bin": {
        "nanoid": "bin/nanoid.cjs"
      },
      "engines": {
        "node": "^10 || ^12 || ^13.7 || ^14 || >=15.0.1"
      }
    },
    "node_modules/normalize-path": {
      "version": "3.0.0",
      "resolved": "https://registry.npm.taobao.org/normalize-path/download/normalize-path-3.0.0.tgz",
      "integrity": "sha1-Dc1p/yOhybEf0JeDFmRKA4ghamU=",
      "dev": true,
      "engines": {
        "node": ">=0.10.0"
      }
    },
    "node_modules/normalize-wheel": {
      "version": "1.0.1",
      "resolved": "https://registry.npm.taobao.org/normalize-wheel/download/normalize-wheel-1.0.1.tgz",
      "integrity": "sha1-rsiGr/2wRQcNhWRH32Ls+GFG7EU=",
      "dev": true
    },
    "node_modules/path-parse": {
      "version": "1.0.7",
      "dev": true,
      "license": "MIT"
    },
    "node_modules/picomatch": {
      "version": "2.3.0",
      "resolved": "https://registry.nlark.com/picomatch/download/picomatch-2.3.0.tgz?cache=0&other_urls=https%3A%2F%2Fregistry.nlark.com%2Fpicomatch%2Fdownload%2Fpicomatch-2.3.0.tgz",
      "integrity": "sha1-8fBh3o9qS/AiiS4tEoI0+5gwKXI=",
      "dev": true,
      "engines": {
        "node": ">=8.6"
      }
    },
    "node_modules/postcss": {
      "version": "8.3.7",
      "license": "MIT",
      "dependencies": {
        "nanocolors": "^0.1.5",
        "nanoid": "^3.1.25",
        "source-map-js": "^0.6.2"
      },
      "engines": {
        "node": "^10 || ^12 || >=14"
      },
      "funding": {
        "type": "opencollective",
        "url": "https://opencollective.com/postcss/"
      }
    },
    "node_modules/readdirp": {
      "version": "3.6.0",
      "resolved": "https://registry.npm.taobao.org/readdirp/download/readdirp-3.6.0.tgz",
      "integrity": "sha1-dKNwvYVxFuJFspzJc0DNQxoCpsc=",
      "dev": true,
      "dependencies": {
        "picomatch": "^2.2.1"
      },
      "engines": {
        "node": ">=8.10.0"
      }
    },
    "node_modules/resize-observer-polyfill": {
      "version": "1.5.1",
      "resolved": "https://registry.npm.taobao.org/resize-observer-polyfill/download/resize-observer-polyfill-1.5.1.tgz",
      "integrity": "sha1-DpAg3T0hAkRY1OvSfiPkAmmBBGQ=",
      "dev": true
    },
    "node_modules/resolve": {
      "version": "1.20.0",
      "dev": true,
      "license": "MIT",
      "dependencies": {
        "is-core-module": "^2.2.0",
        "path-parse": "^1.0.6"
      },
      "funding": {
        "url": "https://github.com/sponsors/ljharb"
      }
    },
    "node_modules/rollup": {
      "version": "2.57.0",
      "dev": true,
      "license": "MIT",
      "bin": {
        "rollup": "dist/bin/rollup"
      },
      "engines": {
        "node": ">=10.0.0"
      },
      "optionalDependencies": {
        "fsevents": "~2.3.2"
      }
    },
    "node_modules/sass": {
      "version": "1.42.1",
      "resolved": "https://registry.nlark.com/sass/download/sass-1.42.1.tgz?cache=0&sync_timestamp=1632295808177&other_urls=https%3A%2F%2Fregistry.nlark.com%2Fsass%2Fdownload%2Fsass-1.42.1.tgz",
      "integrity": "sha1-WrF768HLGIGtLgyakyxmrWTkQeI=",
      "dev": true,
      "dependencies": {
        "chokidar": ">=3.0.0 <4.0.0"
      },
      "bin": {
        "sass": "sass.js"
      },
      "engines": {
        "node": ">=8.9.0"
      }
    },
    "node_modules/source-map": {
      "version": "0.6.1",
      "license": "BSD-3-Clause",
      "engines": {
        "node": ">=0.10.0"
      }
    },
    "node_modules/source-map-js": {
      "version": "0.6.2",
      "license": "BSD-3-Clause",
      "engines": {
        "node": ">=0.10.0"
      }
    },
    "node_modules/sourcemap-codec": {
      "version": "1.4.8",
      "license": "MIT"
    },
    "node_modules/to-regex-range": {
      "version": "5.0.1",
      "resolved": "https://registry.npm.taobao.org/to-regex-range/download/to-regex-range-5.0.1.tgz",
      "integrity": "sha1-FkjESq58jZiKMmAY7XL1tN0DkuQ=",
      "dev": true,
      "dependencies": {
        "is-number": "^7.0.0"
      },
      "engines": {
        "node": ">=8.0"
      }
    },
    "node_modules/vite": {
      "version": "2.5.10",
      "dev": true,
      "license": "MIT",
      "dependencies": {
        "esbuild": "^0.12.17",
        "postcss": "^8.3.6",
        "resolve": "^1.20.0",
        "rollup": "^2.38.5"
      },
      "bin": {
        "vite": "bin/vite.js"
      },
      "engines": {
        "node": ">=12.2.0"
      },
      "optionalDependencies": {
        "fsevents": "~2.3.2"
      }
    },
    "node_modules/vue": {
      "version": "3.2.16",
      "license": "MIT",
      "dependencies": {
        "@vue/compiler-dom": "3.2.16",
        "@vue/compiler-sfc": "3.2.16",
        "@vue/runtime-dom": "3.2.16",
        "@vue/server-renderer": "3.2.16",
        "@vue/shared": "3.2.16"
      }
    },
    "node_modules/vue-demi": {
      "version": "0.11.4",
      "resolved": "https://registry.nlark.com/vue-demi/download/vue-demi-0.11.4.tgz",
      "integrity": "sha1-YQGZL+RyTPVjQBihbpU/MFLpTio=",
      "dev": true,
      "bin": {
        "vue-demi-fix": "bin/vue-demi-fix.js",
        "vue-demi-switch": "bin/vue-demi-switch.js"
      },
      "engines": {
        "node": ">=12"
      },
      "peerDependencies": {
        "@vue/composition-api": "^1.0.0-rc.1",
        "vue": "^3.0.0-0 || ^2.6.0"
      }
    },
    "node_modules/vuex": {
      "version": "3.6.2",
      "resolved": "https://registry.nlark.com/vuex/download/vuex-3.6.2.tgz",
      "integrity": "sha1-I2vAhqhww655lG8QfxbeWdWJXnE=",
      "dev": true,
      "peerDependencies": {
        "vue": "^2.0.0"
      }
    }
  },
  "dependencies": {
    "@babel/parser": {
      "version": "7.15.7"
    },
    "@popperjs/core": {
      "version": "2.10.1",
      "resolved": "https://registry.nlark.com/@popperjs/core/download/@popperjs/core-2.10.1.tgz?cache=0&sync_timestamp=1630646793367&other_urls=https%3A%2F%2Fregistry.nlark.com%2F%40popperjs%2Fcore%2Fdownload%2F%40popperjs%2Fcore-2.10.1.tgz",
      "integrity": "sha1-co7NlasgequKmk5CHwQi2zKSMr4=",
      "dev": true
    },
    "@vitejs/plugin-vue": {
      "version": "1.9.1",
      "dev": true
    },
    "@vue/compiler-core": {
      "version": "3.2.16",
      "requires": {
        "@babel/parser": "^7.15.0",
        "@vue/shared": "3.2.16",
        "estree-walker": "^2.0.2",
        "source-map": "^0.6.1"
      }
    },
    "@vue/compiler-dom": {
      "version": "3.2.16",
      "requires": {
        "@vue/compiler-core": "3.2.16",
        "@vue/shared": "3.2.16"
      }
    },
    "@vue/compiler-sfc": {
      "version": "3.2.16",
      "requires": {
        "@babel/parser": "^7.15.0",
        "@vue/compiler-core": "3.2.16",
        "@vue/compiler-dom": "3.2.16",
        "@vue/compiler-ssr": "3.2.16",
        "@vue/ref-transform": "3.2.16",
        "@vue/shared": "3.2.16",
        "estree-walker": "^2.0.2",
        "magic-string": "^0.25.7",
        "postcss": "^8.1.10",
        "source-map": "^0.6.1"
      }
    },
    "@vue/compiler-ssr": {
      "version": "3.2.16",
      "requires": {
        "@vue/compiler-dom": "3.2.16",
        "@vue/shared": "3.2.16"
      }
    },
    "@vue/reactivity": {
      "version": "3.2.16",
      "requires": {
        "@vue/shared": "3.2.16"
      }
    },
    "@vue/ref-transform": {
      "version": "3.2.16",
      "requires": {
        "@babel/parser": "^7.15.0",
        "@vue/compiler-core": "3.2.16",
        "@vue/shared": "3.2.16",
        "estree-walker": "^2.0.2",
        "magic-string": "^0.25.7"
      }
    },
    "@vue/runtime-core": {
      "version": "3.2.16",
      "requires": {
        "@vue/reactivity": "3.2.16",
        "@vue/shared": "3.2.16"
      }
    },
    "@vue/runtime-dom": {
      "version": "3.2.16",
      "requires": {
        "@vue/runtime-core": "3.2.16",
        "@vue/shared": "3.2.16",
        "csstype": "^2.6.8"
      }
    },
    "@vue/server-renderer": {
      "version": "3.2.16",
      "requires": {
        "@vue/compiler-ssr": "3.2.16",
        "@vue/shared": "3.2.16"
      }
    },
    "@vue/shared": {
      "version": "3.2.16"
    },
    "@vueuse/core": {
      "version": "6.1.0",
      "resolved": "https://registry.nlark.com/@vueuse/core/download/@vueuse/core-6.1.0.tgz",
      "integrity": "sha1-gTfCkc9JsRwt7aTVB5CW5Vs2/Cg=",
      "dev": true,
      "requires": {
        "@vueuse/shared": "6.1.0",
        "vue-demi": "*"
      }
    },
    "@vueuse/shared": {
      "version": "6.1.0",
      "resolved": "https://registry.nlark.com/@vueuse/shared/download/@vueuse/shared-6.1.0.tgz",
      "integrity": "sha1-E3X9Qazv5S+aGELzxqijSHhlNbo=",
      "dev": true,
      "requires": {
        "vue-demi": "*"
      }
    },
    "anymatch": {
      "version": "3.1.2",
      "resolved": "https://registry.npm.taobao.org/anymatch/download/anymatch-3.1.2.tgz?cache=0&sync_timestamp=1617747502795&other_urls=https%3A%2F%2Fregistry.npm.taobao.org%2Fanymatch%2Fdownload%2Fanymatch-3.1.2.tgz",
      "integrity": "sha1-wFV8CWrzLxBhmPT04qODU343hxY=",
      "dev": true,
      "requires": {
        "normalize-path": "^3.0.0",
        "picomatch": "^2.0.4"
      }
    },
    "async-validator": {
      "version": "3.5.2",
      "resolved": "https://registry.nlark.com/async-validator/download/async-validator-3.5.2.tgz?cache=0&sync_timestamp=1630393210134&other_urls=https%3A%2F%2Fregistry.nlark.com%2Fasync-validator%2Fdownload%2Fasync-validator-3.5.2.tgz",
      "integrity": "sha1-aOhmqWgk6LJpT/eoMcGiXETV5QA=",
      "dev": true
    },
    "axios": {
      "version": "0.21.4",
      "resolved": "https://registry.nlark.com/axios/download/axios-0.21.4.tgz?cache=0&sync_timestamp=1630942656836&other_urls=https%3A%2F%2Fregistry.nlark.com%2Faxios%2Fdownload%2Faxios-0.21.4.tgz",
      "integrity": "sha1-xnuQ3AVo5cHPKwuFjEO6KOLtpXU=",
      "dev": true,
      "requires": {
        "follow-redirects": "^1.14.0"
      }
    },
    "binary-extensions": {
      "version": "2.2.0",
      "resolved": "https://registry.npm.taobao.org/binary-extensions/download/binary-extensions-2.2.0.tgz?cache=0&sync_timestamp=1610299322955&other_urls=https%3A%2F%2Fregistry.npm.taobao.org%2Fbinary-extensions%2Fdownload%2Fbinary-extensions-2.2.0.tgz",
      "integrity": "sha1-dfUC7q+f/eQvyYgpZFvk6na9ni0=",
      "dev": true
    },
    "braces": {
      "version": "3.0.2",
      "resolved": "https://registry.npm.taobao.org/braces/download/braces-3.0.2.tgz",
      "integrity": "sha1-NFThpGLujVmeI23zNs2epPiv4Qc=",
      "dev": true,
      "requires": {
        "fill-range": "^7.0.1"
      }
    },
    "chokidar": {
      "version": "3.5.2",
      "resolved": "https://registry.nlark.com/chokidar/download/chokidar-3.5.2.tgz",
      "integrity": "sha1-26OXb8rbAW9m/TZQIdkWANAcHnU=",
      "dev": true,
      "requires": {
        "anymatch": "~3.1.2",
        "braces": "~3.0.2",
        "fsevents": "~2.3.2",
        "glob-parent": "~5.1.2",
        "is-binary-path": "~2.1.0",
        "is-glob": "~4.0.1",
        "normalize-path": "~3.0.0",
        "readdirp": "~3.6.0"
      },
      "dependencies": {
        "fsevents": {
          "version": "2.3.2",
          "resolved": "https://registry.npm.taobao.org/fsevents/download/fsevents-2.3.2.tgz?cache=0&sync_timestamp=1612536422255&other_urls=https%3A%2F%2Fregistry.npm.taobao.org%2Ffsevents%2Fdownload%2Ffsevents-2.3.2.tgz",
          "integrity": "sha1-ilJveLj99GI7cJ4Ll1xSwkwC/Ro=",
          "dev": true,
          "optional": true
        }
      }
    },
    "csstype": {
      "version": "2.6.18"
    },
    "dayjs": {
      "version": "1.10.7",
      "resolved": "https://registry.nlark.com/dayjs/download/dayjs-1.10.7.tgz?cache=0&sync_timestamp=1631266519235&other_urls=https%3A%2F%2Fregistry.nlark.com%2Fdayjs%2Fdownload%2Fdayjs-1.10.7.tgz",
      "integrity": "sha1-LPX5Gt0oEWdIRAhmoKHSbzps5Gg=",
      "dev": true
    },
    "element-plus": {
      "version": "1.1.0-beta.15",
      "resolved": "https://registry.npmmirror.com/element-plus/download/element-plus-1.1.0-beta.15.tgz?cache=0&sync_timestamp=1632359362179&other_urls=https%3A%2F%2Fregistry.npmmirror.com%2Felement-plus%2Fdownload%2Felement-plus-1.1.0-beta.15.tgz",
      "integrity": "sha1-hCVorDnkdl7CEY3C+9Ry2U03t/M=",
      "dev": true,
      "requires": {
        "@popperjs/core": "^2.10.1",
        "@vueuse/core": "~6.1.0",
        "async-validator": "^3.4.0",
        "dayjs": "1.x",
        "lodash": "^4.17.21",
        "memoize-one": "^5.2.1",
        "normalize-wheel": "^1.0.1",
        "resize-observer-polyfill": "^1.5.1"
      }
    },
    "esbuild": {
      "version": "0.12.29",
      "dev": true
    },
    "estree-walker": {
      "version": "2.0.2"
    },
    "fill-range": {
      "version": "7.0.1",
      "resolved": "https://registry.npm.taobao.org/fill-range/download/fill-range-7.0.1.tgz",
      "integrity": "sha1-GRmmp8df44ssfHflGYU12prN2kA=",
      "dev": true,
      "requires": {
        "to-regex-range": "^5.0.1"
      }
    },
    "follow-redirects": {
      "version": "1.14.4",
      "resolved": "https://registry.nlark.com/follow-redirects/download/follow-redirects-1.14.4.tgz?cache=0&sync_timestamp=1631622206750&other_urls=https%3A%2F%2Fregistry.nlark.com%2Ffollow-redirects%2Fdownload%2Ffollow-redirects-1.14.4.tgz",
      "integrity": "sha1-g4/fSKi73XnlLuUfsclOPtmLk3k=",
      "dev": true
    },
    "fsevents": {
      "dev": true,
      "optional": true
    },
    "function-bind": {
      "version": "1.1.1",
      "dev": true
    },
    "glob-parent": {
      "version": "5.1.2",
      "resolved": "https://registry.nlark.com/glob-parent/download/glob-parent-5.1.2.tgz",
      "integrity": "sha1-hpgyxYA0/mikCTwX3BXoNA2EAcQ=",
      "dev": true,
      "requires": {
        "is-glob": "^4.0.1"
      }
    },
    "has": {
      "version": "1.0.3",
      "dev": true,
      "requires": {
        "function-bind": "^1.1.1"
      }
    },
    "is-binary-path": {
      "version": "2.1.0",
      "resolved": "https://registry.npm.taobao.org/is-binary-path/download/is-binary-path-2.1.0.tgz",
      "integrity": "sha1-6h9/O4DwZCNug0cPhsCcJU+0Wwk=",
      "dev": true,
      "requires": {
        "binary-extensions": "^2.0.0"
      }
    },
    "is-core-module": {
      "version": "2.6.0",
      "dev": true,
      "requires": {
        "has": "^1.0.3"
      }
    },
    "is-extglob": {
      "version": "2.1.1",
      "resolved": "https://registry.npm.taobao.org/is-extglob/download/is-extglob-2.1.1.tgz",
      "integrity": "sha1-qIwCU1eR8C7TfHahueqXc8gz+MI=",
      "dev": true
    },
    "is-glob": {
      "version": "4.0.1",
      "resolved": "https://registry.npm.taobao.org/is-glob/download/is-glob-4.0.1.tgz",
      "integrity": "sha1-dWfb6fL14kZ7x3q4PEopSCQHpdw=",
      "dev": true,
      "requires": {
        "is-extglob": "^2.1.1"
      }
    },
    "is-number": {
      "version": "7.0.0",
      "resolved": "https://registry.npm.taobao.org/is-number/download/is-number-7.0.0.tgz",
      "integrity": "sha1-dTU0W4lnNNX4DE0GxQlVUnoU8Ss=",
      "dev": true
    },
    "lodash": {
      "version": "4.17.21",
      "resolved": "https://registry.npm.taobao.org/lodash/download/lodash-4.17.21.tgz",
      "integrity": "sha1-Z5WRxWTDv/quhFTPCz3zcMPWkRw=",
      "dev": true
    },
    "magic-string": {
      "version": "0.25.7",
      "requires": {
        "sourcemap-codec": "^1.4.4"
      }
    },
    "memoize-one": {
      "version": "5.2.1",
      "resolved": "https://registry.nlark.com/memoize-one/download/memoize-one-5.2.1.tgz?cache=0&sync_timestamp=1619230242747&other_urls=https%3A%2F%2Fregistry.nlark.com%2Fmemoize-one%2Fdownload%2Fmemoize-one-5.2.1.tgz",
      "integrity": "sha1-gzeqPEM1WBg57AHD1ZQJDOvo8A4=",
      "dev": true
    },
    "nanocolors": {
      "version": "0.1.12"
    },
    "nanoid": {
      "version": "3.1.25"
    },
    "normalize-path": {
      "version": "3.0.0",
      "resolved": "https://registry.npm.taobao.org/normalize-path/download/normalize-path-3.0.0.tgz",
      "integrity": "sha1-Dc1p/yOhybEf0JeDFmRKA4ghamU=",
      "dev": true
    },
    "normalize-wheel": {
      "version": "1.0.1",
      "resolved": "https://registry.npm.taobao.org/normalize-wheel/download/normalize-wheel-1.0.1.tgz",
      "integrity": "sha1-rsiGr/2wRQcNhWRH32Ls+GFG7EU=",
      "dev": true
    },
    "path-parse": {
      "version": "1.0.7",
      "dev": true
    },
    "picomatch": {
      "version": "2.3.0",
      "resolved": "https://registry.nlark.com/picomatch/download/picomatch-2.3.0.tgz?cache=0&other_urls=https%3A%2F%2Fregistry.nlark.com%2Fpicomatch%2Fdownload%2Fpicomatch-2.3.0.tgz",
      "integrity": "sha1-8fBh3o9qS/AiiS4tEoI0+5gwKXI=",
      "dev": true
    },
    "postcss": {
      "version": "8.3.7",
      "requires": {
        "nanocolors": "^0.1.5",
        "nanoid": "^3.1.25",
        "source-map-js": "^0.6.2"
      }
    },
    "readdirp": {
      "version": "3.6.0",
      "resolved": "https://registry.npm.taobao.org/readdirp/download/readdirp-3.6.0.tgz",
      "integrity": "sha1-dKNwvYVxFuJFspzJc0DNQxoCpsc=",
      "dev": true,
      "requires": {
        "picomatch": "^2.2.1"
      }
    },
    "resize-observer-polyfill": {
      "version": "1.5.1",
      "resolved": "https://registry.npm.taobao.org/resize-observer-polyfill/download/resize-observer-polyfill-1.5.1.tgz",
      "integrity": "sha1-DpAg3T0hAkRY1OvSfiPkAmmBBGQ=",
      "dev": true
    },
    "resolve": {
      "version": "1.20.0",
      "dev": true,
      "requires": {
        "is-core-module": "^2.2.0",
        "path-parse": "^1.0.6"
      }
    },
    "rollup": {
      "version": "2.57.0",
      "dev": true,
      "requires": {
        "fsevents": "~2.3.2"
      }
    },
    "sass": {
      "version": "1.42.1",
      "resolved": "https://registry.nlark.com/sass/download/sass-1.42.1.tgz?cache=0&sync_timestamp=1632295808177&other_urls=https%3A%2F%2Fregistry.nlark.com%2Fsass%2Fdownload%2Fsass-1.42.1.tgz",
      "integrity": "sha1-WrF768HLGIGtLgyakyxmrWTkQeI=",
      "dev": true,
      "requires": {
        "chokidar": ">=3.0.0 <4.0.0"
      }
    },
    "source-map": {
      "version": "0.6.1"
    },
    "source-map-js": {
      "version": "0.6.2"
    },
    "sourcemap-codec": {
      "version": "1.4.8"
    },
    "to-regex-range": {
      "version": "5.0.1",
      "resolved": "https://registry.npm.taobao.org/to-regex-range/download/to-regex-range-5.0.1.tgz",
      "integrity": "sha1-FkjESq58jZiKMmAY7XL1tN0DkuQ=",
      "dev": true,
      "requires": {
        "is-number": "^7.0.0"
      }
    },
    "vite": {
      "version": "2.5.10",
      "dev": true,
      "requires": {
        "esbuild": "^0.12.17",
        "fsevents": "~2.3.2",
        "postcss": "^8.3.6",
        "resolve": "^1.20.0",
        "rollup": "^2.38.5"
      }
    },
    "vue": {
      "version": "3.2.16",
      "requires": {
        "@vue/compiler-dom": "3.2.16",
        "@vue/compiler-sfc": "3.2.16",
        "@vue/runtime-dom": "3.2.16",
        "@vue/server-renderer": "3.2.16",
        "@vue/shared": "3.2.16"
      }
    },
    "vue-demi": {
      "version": "0.11.4",
      "resolved": "https://registry.nlark.com/vue-demi/download/vue-demi-0.11.4.tgz",
      "integrity": "sha1-YQGZL+RyTPVjQBihbpU/MFLpTio=",
      "dev": true
    },
    "vuex": {
      "version": "3.6.2",
      "resolved": "https://registry.nlark.com/vuex/download/vuex-3.6.2.tgz",
      "integrity": "sha1-I2vAhqhww655lG8QfxbeWdWJXnE=",
      "dev": true
    }
  }
}
